// !$*UTF8*$!
{
	archiveVersion = 1;
	classes = {
	};
	objectVersion = 77;
	objects = {

/* Begin PBXBuildFile section */
		A135FE2C2FCA8A7A00662898 /* RealityKitContent in Frameworks */ = {isa = PBXBuildFile; productRef = A135FE2B2FCA8A7A00662898 /* RealityKitContent */; };
/* End PBXBuildFile section */

/* Begin PBXContainerItemProxy section */
		A135FA742FC940EF00662898 /* PBXContainerItemProxy */ = {
			isa = PBXContainerItemProxy;
			containerPortal = A135FA5C2FC940ED00662898 /* Project object */;
			proxyType = 1;
			remoteGlobalIDString = A135FA632FC940ED00662898;
			remoteInfo = "NurseyConnect-A2";
		};
		A135FA7E2FC940EF00662898 /* PBXContainerItemProxy */ = {
			isa = PBXContainerItemProxy;
			containerPortal = A135FA5C2FC940ED00662898 /* Project object */;
			proxyType = 1;
			remoteGlobalIDString = A135FA632FC940ED00662898;
			remoteInfo = "NurseyConnect-A2";
		};
		A135FE3B2FCA8A7C00662898 /* PBXContainerItemProxy */ = {
			isa = PBXContainerItemProxy;
			containerPortal = A135FA5C2FC940ED00662898 /* Project object */;
			proxyType = 1;
			remoteGlobalIDString = A135FE262FCA8A7A00662898;
			remoteInfo = "NurseyConnect-visionOS";
		};
/* End PBXContainerItemProxy section */

/* Begin PBXFileReference section */
		A135FA642FC940ED00662898 /* NurseyConnect-A2.app */ = {isa = PBXFileReference; explicitFileType = wrapper.application; includeInIndex = 0; path = "NurseyConnect-A2.app"; sourceTree = BUILT_PRODUCTS_DIR; };
		A135FA732FC940EF00662898 /* NurseyConnect-A2Tests.xctest */ = {isa = PBXFileReference; explicitFileType = wrapper.cfbundle; includeInIndex = 0; path = "NurseyConnect-A2Tests.xctest"; sourceTree = BUILT_PRODUCTS_DIR; };
		A135FA7D2FC940EF00662898 /* NurseyConnect-A2UITests.xctest */ = {isa = PBXFileReference; explicitFileType = wrapper.cfbundle; includeInIndex = 0; path = "NurseyConnect-A2UITests.xctest"; sourceTree = BUILT_PRODUCTS_DIR; };
		A135FE272FCA8A7A00662898 /* NurseyConnect-visionOS.app */ = {isa = PBXFileReference; explicitFileType = wrapper.application; includeInIndex = 0; path = "NurseyConnect-visionOS.app"; sourceTree = BUILT_PRODUCTS_DIR; };
		A135FE2A2FCA8A7A00662898 /* RealityKitContent */ = {isa = PBXFileReference; lastKnownFileType = folder; path = RealityKitContent; sourceTree = "<group>"; };
		A135FE3A2FCA8A7C00662898 /* NurseyConnect-visionOSTests.xctest */ = {isa = PBXFileReference; explicitFileType = wrapper.cfbundle; includeInIndex = 0; path = "NurseyConnect-visionOSTests.xctest"; sourceTree = BUILT_PRODUCTS_DIR; };
/* End PBXFileReference section */

/* Begin PBXFileSystemSynchronizedBuildFileExceptionSet section */
		A135FE442FCA8A7C00662898 /* Exceptions for "NurseyConnect-visionOS" folder in "NurseyConnect-visionOS" target */ = {
			isa = PBXFileSystemSynchronizedBuildFileExceptionSet;
			membershipExceptions = (
				Info.plist,
			);
			target = A135FE262FCA8A7A00662898 /* NurseyConnect-visionOS */;
		};
/* End PBXFileSystemSynchronizedBuildFileExceptionSet section */

/* Begin PBXFileSystemSynchronizedRootGroup section */
		A135FA662FC940ED00662898 /* NurseyConnect-A2 */ = {
			isa = PBXFileSystemSynchronizedRootGroup;
			path = "NurseyConnect-A2";
			sourceTree = "<group>";
		};
		A135FA762FC940EF00662898 /* NurseyConnect-A2Tests */ = {
			isa = PBXFileSystemSynchronizedRootGroup;
			path = "NurseyConnect-A2Tests";
			sourceTree = "<group>";
		};
		A135FA802FC940EF00662898 /* NurseyConnect-A2UITests */ = {
			isa = PBXFileSystemSynchronizedRootGroup;
			path = "NurseyConnect-A2UITests";
			sourceTree = "<group>";
		};
		A135FE282FCA8A7A00662898 /* NurseyConnect-visionOS */ = {
			isa = PBXFileSystemSynchronizedRootGroup;
			exceptions = (
				A135FE442FCA8A7C00662898 /* Exceptions for "NurseyConnect-visionOS" folder in "NurseyConnect-visionOS" target */,
			);
			path = "NurseyConnect-visionOS";
			sourceTree = "<group>";
		};
		A135FE3D2FCA8A7C00662898 /* NurseyConnect-visionOSTests */ = {
			isa = PBXFileSystemSynchronizedRootGroup;
			path = "NurseyConnect-visionOSTests";
			sourceTree = "<group>";
		};
/* End PBXFileSystemSynchronizedRootGroup section */

/* Begin PBXFrameworksBuildPhase section */
		A135FA612FC940ED00662898 /* Frameworks */ = {
			isa = PBXFrameworksBuildPhase;
			buildActionMask = 2147483647;
			files = (
			);
			runOnlyForDeploymentPostprocessing = 0;
		};
		A135FA702FC940EF00662898 /* Frameworks */ = {
			isa = PBXFrameworksBuildPhase;
			buildActionMask = 2147483647;
			files = (
			);
			runOnlyForDeploymentPostprocessing = 0;
		};
		A135FA7A2FC940EF00662898 /* Frameworks */ = {
			isa = PBXFrameworksBuildPhase;
			buildActionMask = 2147483647;
			files = (
			);
			runOnlyForDeploymentPostprocessing = 0;
		};
		A135FE242FCA8A7A00662898 /* Frameworks */ = {
			isa = PBXFrameworksBuildPhase;
			buildActionMask = 2147483647;
			files = (
				A135FE2C2FCA8A7A00662898 /* RealityKitContent in Frameworks */,
			);
			runOnlyForDeploymentPostprocessing = 0;
		};
		A135FE372FCA8A7C00662898 /* Frameworks */ = {
			isa = PBXFrameworksBuildPhase;
			buildActionMask = 2147483647;
			files = (
			);
			runOnlyForDeploymentPostprocessing = 0;
		};
/* End PBXFrameworksBuildPhase section */

/* Begin PBXGroup section */
		A135FA5B2FC940ED00662898 = {
			isa = PBXGroup;
			children = (
				A135FA662FC940ED00662898 /* NurseyConnect-A2 */,
				A135FA762FC940EF00662898 /* NurseyConnect-A2Tests */,
				A135FA802FC940EF00662898 /* NurseyConnect-A2UITests */,
				A135FE282FCA8A7A00662898 /* NurseyConnect-visionOS */,
				A135FE292FCA8A7A00662898 /* Packages */,
				A135FE3D2FCA8A7C00662898 /* NurseyConnect-visionOSTests */,
				A135FA652FC940ED00662898 /* Products */,
			);
			sourceTree = "<group>";
		};
		A135FA652FC940ED00662898 /* Products */ = {
			isa = PBXGroup;
			children = (
				A135FA642FC940ED00662898 /* NurseyConnect-A2.app */,
				A135FA732FC940EF00662898 /* NurseyConnect-A2Tests.xctest */,
				A135FA7D2FC940EF00662898 /* NurseyConnect-A2UITests.xctest */,
				A135FE272FCA8A7A00662898 /* NurseyConnect-visionOS.app */,
				A135FE3A2FCA8A7C00662898 /* NurseyConnect-visionOSTests.xctest */,
			);
			name = Products;
			sourceTree = "<group>";
		};
		A135FE292FCA8A7A00662898 /* Packages */ = {
			isa = PBXGroup;
			children = (
				A135FE2A2FCA8A7A00662898 /* RealityKitContent */,
			);
			path = Packages;
			sourceTree = "<group>";
		};
/* End PBXGroup section */

/* Begin PBXNativeTarget section */
		A135FA632FC940ED00662898 /* NurseyConnect-A2 */ = {
			isa = PBXNativeTarget;
			buildConfigurationList = A135FA872FC940EF00662898 /* Build configuration list for PBXNativeTarget "NurseyConnect-A2" */;
			buildPhases = (
				A135FA602FC940ED00662898 /* Sources */,
				A135FA612FC940ED00662898 /* Frameworks */,
				A135FA622FC940ED00662898 /* Resources */,
			);
			buildRules = (
			);
			dependencies = (
			);
			fileSystemSynchronizedGroups = (
				A135FA662FC940ED00662898 /* NurseyConnect-A2 */,
			);
			name = "NurseyConnect-A2";
			packageProductDependencies = (
			);
			productName = "NurseyConnect-A2";
			productReference = A135FA642FC940ED00662898 /* NurseyConnect-A2.app */;
			productType = "com.apple.product-type.application";
		};
		A135FA722FC940EF00662898 /* NurseyConnect-A2Tests */ = {
			isa = PBXNativeTarget;
			buildConfigurationList = A135FA8A2FC940EF00662898 /* Build configuration list for PBXNativeTarget "NurseyConnect-A2Tests" */;
			buildPhases = (
				A135FA6F2FC940EF00662898 /* Sources */,
				A135FA702FC940EF00662898 /* Frameworks */,
				A135FA712FC940EF00662898 /* Resources */,
			);
			buildRules = (
			);
			dependencies = (
				A135FA752FC940EF00662898 /* PBXTargetDependency */,
			);
			fileSystemSynchronizedGroups = (
				A135FA762FC940EF00662898 /* NurseyConnect-A2Tests */,
			);
			name = "NurseyConnect-A2Tests";
			packageProductDependencies = (
			);
			productName = "NurseyConnect-A2Tests";
			productReference = A135FA732FC940EF00662898 /* NurseyConnect-A2Tests.xctest */;
			productType = "com.apple.product-type.bundle.unit-test";
		};
		A135FA7C2FC940EF00662898 /* NurseyConnect-A2UITests */ = {
			isa = PBXNativeTarget;
			buildConfigurationList = A135FA8D2FC940EF00662898 /* Build configuration list for PBXNativeTarget "NurseyConnect-A2UITests" */;
			buildPhases = (
				A135FA792FC940EF00662898 /* Sources */,
				A135FA7A2FC940EF00662898 /* Frameworks */,
				A135FA7B2FC940EF00662898 /* Resources */,
			);
			buildRules = (
			);
			dependencies = (
				A135FA7F2FC940EF00662898 /* PBXTargetDependency */,
			);
			fileSystemSynchronizedGroups = (
				A135FA802FC940EF00662898 /* NurseyConnect-A2UITests */,
			);
			name = "NurseyConnect-A2UITests";
			packageProductDependencies = (
			);
			productName = "NurseyConnect-A2UITests";
			productReference = A135FA7D2FC940EF00662898 /* NurseyConnect-A2UITests.xctest */;
			productType = "com.apple.product-type.bundle.ui-testing";
		};
		A135FE262FCA8A7A00662898 /* NurseyConnect-visionOS */ = {
			isa = PBXNativeTarget;
			buildConfigurationList = A135FE452FCA8A7C00662898 /* Build configuration list for PBXNativeTarget "NurseyConnect-visionOS" */;
			buildPhases = (
				A135FE232FCA8A7A00662898 /* Sources */,
				A135FE242FCA8A7A00662898 /* Frameworks */,
				A135FE252FCA8A7A00662898 /* Resources */,
			);
			buildRules = (
			);
			dependencies = (
			);
			fileSystemSynchronizedGroups = (
				A135FE282FCA8A7A00662898 /* NurseyConnect-visionOS */,
			);
			name = "NurseyConnect-visionOS";
			packageProductDependencies = (
				A135FE2B2FCA8A7A00662898 /* RealityKitContent */,
			);
			productName = "NurseyConnect-visionOS";
			productReference = A135FE272FCA8A7A00662898 /* NurseyConnect-visionOS.app */;
			productType = "com.apple.product-type.application";
		};
		A135FE392FCA8A7C00662898 /* NurseyConnect-visionOSTests */ = {
			isa = PBXNativeTarget;
			buildConfigurationList = A135FE462FCA8A7C00662898 /* Build configuration list for PBXNativeTarget "NurseyConnect-visionOSTests" */;
			buildPhases = (
				A135FE362FCA8A7C00662898 /* Sources */,
				A135FE372FCA8A7C00662898 /* Frameworks */,
				A135FE382FCA8A7C00662898 /* Resources */,
			);
			buildRules = (
			);
			dependencies = (
				A135FE3C2FCA8A7C00662898 /* PBXTargetDependency */,
			);
			fileSystemSynchronizedGroups = (
				A135FE3D2FCA8A7C00662898 /* NurseyConnect-visionOSTests */,
			);
			name = "NurseyConnect-visionOSTests";
			packageProductDependencies = (
			);
			productName = "NurseyConnect-visionOSTests";
			productReference = A135FE3A2FCA8A7C00662898 /* NurseyConnect-visionOSTests.xctest */;
			productType = "com.apple.product-type.bundle.unit-test";
		};
/* End PBXNativeTarget section */

/* Begin PBXProject section */
		A135FA5C2FC940ED00662898 /* Project object */ = {
			isa = PBXProject;
			attributes = {
				BuildIndependentTargetsInParallel = 1;
				LastSwiftUpdateCheck = 2620;
				LastUpgradeCheck = 2620;
				TargetAttributes = {
					A135FA632FC940ED00662898 = {
						CreatedOnToolsVersion = 26.2;
					};
					A135FA722FC940EF00662898 = {
						CreatedOnToolsVersion = 26.2;
						TestTargetID = A135FA632FC940ED00662898;
					};
					A135FA7C2FC940EF00662898 = {
						CreatedOnToolsVersion = 26.2;
						TestTargetID = A135FA632FC940ED00662898;
					};
					A135FE262FCA8A7A00662898 = {
						CreatedOnToolsVersion = 26.2;
					};
					A135FE392FCA8A7C00662898 = {
						CreatedOnToolsVersion = 26.2;
						TestTargetID = A135FE262FCA8A7A00662898;
					};
				};
			};
			buildConfigurationList = A135FA5F2FC940ED00662898 /* Build configuration list for PBXProject "NurseyConnect-A2" */;
			developmentRegion = en;
			hasScannedForEncodings = 0;
			knownRegions = (
				en,
				Base,
			);
			mainGroup = A135FA5B2FC940ED00662898;
			minimizedProjectReferenceProxies = 1;
			preferredProjectObjectVersion = 77;
			productRefGroup = A135FA652FC940ED00662898 /* Products */;
			projectDirPath = "";
			projectRoot = "";
			targets = (
				A135FA632FC940ED00662898 /* NurseyConnect-A2 */,
				A135FA722FC940EF00662898 /* NurseyConnect-A2Tests */,
				A135FA7C2FC940EF00662898 /* NurseyConnect-A2UITests */,
				A135FE262FCA8A7A00662898 /* NurseyConnect-visionOS */,
				A135FE392FCA8A7C00662898 /* NurseyConnect-visionOSTests */,
			);
		};
/* End PBXProject section */

/* Begin PBXResourcesBuildPhase section */
		A135FA622FC940ED00662898 /* Resources */ = {
			isa = PBXResourcesBuildPhase;
			buildActionMask = 2147483647;
			files = (
			);
			runOnlyForDeploymentPostprocessing = 0;
		};
		A135FA712FC940EF00662898 /* Resources */ = {
			isa = PBXResourcesBuildPhase;
			buildActionMask = 2147483647;
			files = (
			);
			runOnlyForDeploymentPostprocessing = 0;
		};
		A135FA7B2FC940EF00662898 /* Resources */ = {
			isa = PBXResourcesBuildPhase;
			buildActionMask = 2147483647;
			files = (
			);
			runOnlyForDeploymentPostprocessing = 0;
		};
		A135FE252FCA8A7A00662898 /* Resources */ = {
			isa = PBXResourcesBuildPhase;
			buildActionMask = 2147483647;
			files = (
			);
			runOnlyForDeploymentPostprocessing = 0;
		};
		A135FE382FCA8A7C00662898 /* Resources */ = {
			isa = PBXResourcesBuildPhase;
			buildActionMask = 2147483647;
			files = (
			);
			runOnlyForDeploymentPostprocessing = 0;
		};
/* End PBXResourcesBuildPhase section */

/* Begin PBXSourcesBuildPhase section */
		A135FA602FC940ED00662898 /* Sources */ = {
			isa = PBXSourcesBuildPhase;
			buildActionMask = 2147483647;
			files = (
			);
			runOnlyForDeploymentPostprocessing = 0;
		};
		A135FA6F2FC940EF00662898 /* Sources */ = {
			isa = PBXSourcesBuildPhase;
			buildActionMask = 2147483647;
			files = (
			);
			runOnlyForDeploymentPostprocessing = 0;
		};
		A135FA792FC940EF00662898 /* Sources */ = {
			isa = PBXSourcesBuildPhase;
			buildActionMask = 2147483647;
			files = (
			);
			runOnlyForDeploymentPostprocessing = 0;
		};
		A135FE232FCA8A7A00662898 /* Sources */ = {
			isa = PBXSourcesBuildPhase;
			buildActionMask = 2147483647;
			files = (
			);
			runOnlyForDeploymentPostprocessing = 0;
		};
		A135FE362FCA8A7C00662898 /* Sources */ = {
			isa = PBXSourcesBuildPhase;
			buildActionMask = 2147483647;
			files = (
			);
			runOnlyForDeploymentPostprocessing = 0;
		};
/* End PBXSourcesBuildPhase section */

/* Begin PBXTargetDependency section */
		A135FA752FC940EF00662898 /* PBXTargetDependency */ = {
			isa = PBXTargetDependency;
			target = A135FA632FC940ED00662898 /* NurseyConnect-A2 */;
			targetProxy = A135FA742FC940EF00662898 /* PBXContainerItemProxy */;
		};
		A135FA7F2FC940EF00662898 /* PBXTargetDependency */ = {
			isa = PBXTargetDependency;
			target = A135FA632FC940ED00662898 /* NurseyConnect-A2 */;
			targetProxy = A135FA7E2FC940EF00662898 /* PBXContainerItemProxy */;
		};
		A135FE3C2FCA8A7C00662898 /* PBXTargetDependency */ = {
			isa = PBXTargetDependency;
			target = A135FE262FCA8A7A00662898 /* NurseyConnect-visionOS */;
			targetProxy = A135FE3B2FCA8A7C00662898 /* PBXContainerItemProxy */;
		};
/* End PBXTargetDependency section */

/* Begin XCBuildConfiguration section */
		A135FA852FC940EF00662898 /* Debug */ = {
			isa = XCBuildConfiguration;
			buildSettings = {
				ALWAYS_SEARCH_USER_PATHS = NO;
				ASSETCATALOG_COMPILER_GENERATE_SWIFT_ASSET_SYMBOL_EXTENSIONS = YES;
				CLANG_ANALYZER_NONNULL = YES;
				CLANG_ANALYZER_NUMBER_OBJECT_CONVERSION = YES_AGGRESSIVE;
				CLANG_CXX_LANGUAGE_STANDARD = "gnu++20";
				CLANG_ENABLE_MODULES = YES;
				CLANG_ENABLE_OBJC_ARC = YES;
				CLANG_ENABLE_OBJC_WEAK = YES;
				CLANG_WARN_BLOCK_CAPTURE_AUTORELEASING = YES;
				CLANG_WARN_BOOL_CONVERSION = YES;
				CLANG_WARN_COMMA = YES;
				CLANG_WARN_CONSTANT_CONVERSION = YES;
				CLANG_WARN_DEPRECATED_OBJC_IMPLEMENTATIONS = YES;
				CLANG_WARN_DIRECT_OBJC_ISA_USAGE = YES_ERROR;
				CLANG_WARN_DOCUMENTATION_COMMENTS = YES;
				CLANG_WARN_EMPTY_BODY = YES;
				CLANG_WARN_ENUM_CONVERSION = YES;
				CLANG_WARN_INFINITE_RECURSION = YES;
				CLANG_WARN_INT_CONVERSION = YES;
				CLANG_WARN_NON_LITERAL_NULL_CONVERSION = YES;
				CLANG_WARN_OBJC_IMPLICIT_RETAIN_SELF = YES;
				CLANG_WARN_OBJC_LITERAL_CONVERSION = YES;
				CLANG_WARN_OBJC_ROOT_CLASS = YES_ERROR;
				CLANG_WARN_QUOTED_INCLUDE_IN_FRAMEWORK_HEADER = YES;
				CLANG_WARN_RANGE_LOOP_ANALYSIS = YES;
				CLANG_WARN_STRICT_PROTOTYPES = YES;
				CLANG_WARN_SUSPICIOUS_MOVE = YES;
				CLANG_WARN_UNGUARDED_AVAILABILITY = YES_AGGRESSIVE;
				CLANG_WARN_UNREACHABLE_CODE = YES;
				CLANG_WARN__DUPLICATE_METHOD_MATCH = YES;
				COPY_PHASE_STRIP = NO;
				DEBUG_INFORMATION_FORMAT = dwarf;
				ENABLE_STRICT_OBJC_MSGSEND = YES;
				ENABLE_TESTABILITY = YES;
				ENABLE_USER_SCRIPT_SANDBOXING = YES;
				GCC_C_LANGUAGE_STANDARD = gnu17;
				GCC_DYNAMIC_NO_PIC = NO;
				GCC_NO_COMMON_BLOCKS = YES;
				GCC_OPTIMIZATION_LEVEL = 0;
				GCC_PREPROCESSOR_DEFINITIONS = (
					"DEBUG=1",
					"$(inherited)",
				);
				GCC_WARN_64_TO_32_BIT_CONVERSION = YES;
				GCC_WARN_ABOUT_RETURN_TYPE = YES_ERROR;
				GCC_WARN_UNDECLARED_SELECTOR = YES;
				GCC_WARN_UNINITIALIZED_AUTOS = YES_AGGRESSIVE;
				GCC_WARN_UNUSED_FUNCTION = YES;
				GCC_WARN_UNUSED_VARIABLE = YES;
				LOCALIZATION_PREFERS_STRING_CATALOGS = YES;
				MTL_ENABLE_DEBUG_INFO = INCLUDE_SOURCE;
				MTL_FAST_MATH = YES;
				ONLY_ACTIVE_ARCH = YES;
				SWIFT_ACTIVE_COMPILATION_CONDITIONS = "DEBUG $(inherited)";
				SWIFT_OPTIMIZATION_LEVEL = "-Onone";
			};
			name = Debug;
		};
		A135FA862FC940EF00662898 /* Release */ = {
			isa = XCBuildConfiguration;
			buildSettings = {
				ALWAYS_SEARCH_USER_PATHS = NO;
				ASSETCATALOG_COMPILER_GENERATE_SWIFT_ASSET_SYMBOL_EXTENSIONS = YES;
				CLANG_ANALYZER_NONNULL = YES;
				CLANG_ANALYZER_NUMBER_OBJECT_CONVERSION = YES_AGGRESSIVE;
				CLANG_CXX_LANGUAGE_STANDARD = "gnu++20";
				CLANG_ENABLE_MODULES = YES;
				CLANG_ENABLE_OBJC_ARC = YES;
				CLANG_ENABLE_OBJC_WEAK = YES;
				CLANG_WARN_BLOCK_CAPTURE_AUTORELEASING = YES;
				CLANG_WARN_BOOL_CONVERSION = YES;
				CLANG_WARN_COMMA = YES;
				CLANG_WARN_CONSTANT_CONVERSION = YES;
				CLANG_WARN_DEPRECATED_OBJC_IMPLEMENTATIONS = YES;
				CLANG_WARN_DIRECT_OBJC_ISA_USAGE = YES_ERROR;
				CLANG_WARN_DOCUMENTATION_COMMENTS = YES;
				CLANG_WARN_EMPTY_BODY = YES;
				CLANG_WARN_ENUM_CONVERSION = YES;
				CLANG_WARN_INFINITE_RECURSION = YES;
				CLANG_WARN_INT_CONVERSION = YES;
				CLANG_WARN_NON_LITERAL_NULL_CONVERSION = YES;
				CLANG_WARN_OBJC_IMPLICIT_RETAIN_SELF = YES;
				CLANG_WARN_OBJC_LITERAL_CONVERSION = YES;
				CLANG_WARN_OBJC_ROOT_CLASS = YES_ERROR;
				CLANG_WARN_QUOTED_INCLUDE_IN_FRAMEWORK_HEADER = YES;
				CLANG_WARN_RANGE_LOOP_ANALYSIS = YES;
				CLANG_WARN_STRICT_PROTOTYPES = YES;
				CLANG_WARN_SUSPICIOUS_MOVE = YES;
				CLANG_WARN_UNGUARDED_AVAILABILITY = YES_AGGRESSIVE;
				CLANG_WARN_UNREACHABLE_CODE = YES;
				CLANG_WARN__DUPLICATE_METHOD_MATCH = YES;
				COPY_PHASE_STRIP = NO;
				DEBUG_INFORMATION_FORMAT = "dwarf-with-dsym";
				ENABLE_NS_ASSERTIONS = NO;
				ENABLE_STRICT_OBJC_MSGSEND = YES;
				ENABLE_USER_SCRIPT_SANDBOXING = YES;
				GCC_C_LANGUAGE_STANDARD = gnu17;
				GCC_NO_COMMON_BLOCKS = YES;
				GCC_WARN_64_TO_32_BIT_CONVERSION = YES;
				GCC_WARN_ABOUT_RETURN_TYPE = YES_ERROR;
				GCC_WARN_UNDECLARED_SELECTOR = YES;
				GCC_WARN_UNINITIALIZED_AUTOS = YES_AGGRESSIVE;
				GCC_WARN_UNUSED_FUNCTION = YES;
				GCC_WARN_UNUSED_VARIABLE = YES;
				LOCALIZATION_PREFERS_STRING_CATALOGS = YES;
				MTL_ENABLE_DEBUG_INFO = NO;
				MTL_FAST_MATH = YES;
				SWIFT_COMPILATION_MODE = wholemodule;
			};
			name = Release;
		};
		A135FA882FC940EF00662898 /* Debug */ = {
			isa = XCBuildConfiguration;
			buildSettings = {
				ASSETCATALOG_COMPILER_APPICON_NAME = AppIcon;
				ASSETCATALOG_COMPILER_GLOBAL_ACCENT_COLOR_NAME = AccentColor;
				CODE_SIGN_STYLE = Automatic;
				CURRENT_PROJECT_VERSION = 1;
				ENABLE_APP_SANDBOX = YES;
				ENABLE_PREVIEWS = YES;
				ENABLE_USER_SELECTED_FILES = readonly;
				GENERATE_INFOPLIST_FILE = YES;
				"INFOPLIST_KEY_UIApplicationSceneManifest_Generation[sdk=iphoneos*]" = YES;
				"INFOPLIST_KEY_UIApplicationSceneManifest_Generation[sdk=iphonesimulator*]" = YES;
				"INFOPLIST_KEY_UIApplicationSupportsIndirectInputEvents[sdk=iphoneos*]" = YES;
				"INFOPLIST_KEY_UIApplicationSupportsIndirectInputEvents[sdk=iphonesimulator*]" = YES;
				"INFOPLIST_KEY_UILaunchScreen_Generation[sdk=iphoneos*]" = YES;
				"INFOPLIST_KEY_UILaunchScreen_Generation[sdk=iphonesimulator*]" = YES;
				"INFOPLIST_KEY_UIStatusBarStyle[sdk=iphoneos*]" = UIStatusBarStyleDefault;
				"INFOPLIST_KEY_UIStatusBarStyle[sdk=iphonesimulator*]" = UIStatusBarStyleDefault;
				INFOPLIST_KEY_UISupportedInterfaceOrientations_iPad = "UIInterfaceOrientationPortrait UIInterfaceOrientationPortraitUpsideDown UIInterfaceOrientationLandscapeLeft UIInterfaceOrientationLandscapeRight";
				INFOPLIST_KEY_UISupportedInterfaceOrientations_iPhone = "UIInterfaceOrientationPortrait UIInterfaceOrientationLandscapeLeft UIInterfaceOrientationLandscapeRight";
				IPHONEOS_DEPLOYMENT_TARGET = 26.2;
				LD_RUNPATH_SEARCH_PATHS = "@executable_path/Frameworks";
				"LD_RUNPATH_SEARCH_PATHS[sdk=macosx*]" = "@executable_path/../Frameworks";
				MACOSX_DEPLOYMENT_TARGET = 26.2;
				MARKETING_VERSION = 1.0;
				PRODUCT_BUNDLE_IDENTIFIER = "com.sophiesun.NurseyConnect-A2";
				PRODUCT_NAME = "$(TARGET_NAME)";
				REGISTER_APP_GROUPS = YES;
				SDKROOT = auto;
				STRING_CATALOG_GENERATE_SYMBOLS = YES;
				SUPPORTED_PLATFORMS = "iphoneos iphonesimulator macosx xros xrsimulator";
				SWIFT_APPROACHABLE_CONCURRENCY = YES;
				SWIFT_DEFAULT_ACTOR_ISOLATION = MainActor;
				SWIFT_EMIT_LOC_STRINGS = YES;
				SWIFT_UPCOMING_FEATURE_MEMBER_IMPORT_VISIBILITY = YES;
				SWIFT_VERSION = 5.0;
				TARGETED_DEVICE_FAMILY = "1,2,7";
				XROS_DEPLOYMENT_TARGET = 26.2;
			};
			name = Debug;
		};
		A135FA892FC940EF00662898 /* Release */ = {
			isa = XCBuildConfiguration;
			buildSettings = {
				ASSETCATALOG_COMPILER_APPICON_NAME = AppIcon;
				ASSETCATALOG_COMPILER_GLOBAL_ACCENT_COLOR_NAME = AccentColor;
				CODE_SIGN_STYLE = Automatic;
				CURRENT_PROJECT_VERSION = 1;
				ENABLE_APP_SANDBOX = YES;
				ENABLE_PREVIEWS = YES;
				ENABLE_USER_SELECTED_FILES = readonly;
				GENERATE_INFOPLIST_FILE = YES;
				"INFOPLIST_KEY_UIApplicationSceneManifest_Generation[sdk=iphoneos*]" = YES;
				"INFOPLIST_KEY_UIApplicationSceneManifest_Generation[sdk=iphonesimulator*]" = YES;
				"INFOPLIST_KEY_UIApplicationSupportsIndirectInputEvents[sdk=iphoneos*]" = YES;
				"INFOPLIST_KEY_UIApplicationSupportsIndirectInputEvents[sdk=iphonesimulator*]" = YES;
				"INFOPLIST_KEY_UILaunchScreen_Generation[sdk=iphoneos*]" = YES;
				"INFOPLIST_KEY_UILaunchScreen_Generation[sdk=iphonesimulator*]" = YES;
				"INFOPLIST_KEY_UIStatusBarStyle[sdk=iphoneos*]" = UIStatusBarStyleDefault;
				"INFOPLIST_KEY_UIStatusBarStyle[sdk=iphonesimulator*]" = UIStatusBarStyleDefault;
				INFOPLIST_KEY_UISupportedInterfaceOrientations_iPad = "UIInterfaceOrientationPortrait UIInterfaceOrientationPortraitUpsideDown UIInterfaceOrientationLandscapeLeft UIInterfaceOrientationLandscapeRight";
				INFOPLIST_KEY_UISupportedInterfaceOrientations_iPhone = "UIInterfaceOrientationPortrait UIInterfaceOrientationLandscapeLeft UIInterfaceOrientationLandscapeRight";
				IPHONEOS_DEPLOYMENT_TARGET = 26.2;
				LD_RUNPATH_SEARCH_PATHS = "@executable_path/Frameworks";
				"LD_RUNPATH_SEARCH_PATHS[sdk=macosx*]" = "@executable_path/../Frameworks";
				MACOSX_DEPLOYMENT_TARGET = 26.2;
				MARKETING_VERSION = 1.0;
				PRODUCT_BUNDLE_IDENTIFIER = "com.sophiesun.NurseyConnect-A2";
				PRODUCT_NAME = "$(TARGET_NAME)";
				REGISTER_APP_GROUPS = YES;
				SDKROOT = auto;
				STRING_CATALOG_GENERATE_SYMBOLS = YES;
				SUPPORTED_PLATFORMS = "iphoneos iphonesimulator macosx xros xrsimulator";
				SWIFT_APPROACHABLE_CONCURRENCY = YES;
				SWIFT_DEFAULT_ACTOR_ISOLATION = MainActor;
				SWIFT_EMIT_LOC_STRINGS = YES;
				SWIFT_UPCOMING_FEATURE_MEMBER_IMPORT_VISIBILITY = YES;
				SWIFT_VERSION = 5.0;
				TARGETED_DEVICE_FAMILY = "1,2,7";
				XROS_DEPLOYMENT_TARGET = 26.2;
			};
			name = Release;
		};
		A135FA8B2FC940EF00662898 /* Debug */ = {
			isa = XCBuildConfiguration;
			buildSettings = {
				BUNDLE_LOADER = "$(TEST_HOST)";
				CODE_SIGN_STYLE = Automatic;
				CURRENT_PROJECT_VERSION = 1;
				GENERATE_INFOPLIST_FILE = YES;
				IPHONEOS_DEPLOYMENT_TARGET = 26.2;
				MACOSX_DEPLOYMENT_TARGET = 26.2;
				MARKETING_VERSION = 1.0;
				PRODUCT_BUNDLE_IDENTIFIER = "com.sophiesun.NurseyConnect-A2Tests";
				PRODUCT_NAME = "$(TARGET_NAME)";
				SDKROOT = auto;
				STRING_CATALOG_GENERATE_SYMBOLS = NO;
				SUPPORTED_PLATFORMS = "iphoneos iphonesimulator macosx xros xrsimulator";
				SWIFT_APPROACHABLE_CONCURRENCY = YES;
				SWIFT_EMIT_LOC_STRINGS = NO;
				SWIFT_UPCOMING_FEATURE_MEMBER_IMPORT_VISIBILITY = YES;
				SWIFT_VERSION = 5.0;
				TARGETED_DEVICE_FAMILY = "1,2,7";
				TEST_HOST = "$(BUILT_PRODUCTS_DIR)/NurseyConnect-A2.app/$(BUNDLE_EXECUTABLE_FOLDER_PATH)/NurseyConnect-A2";
				XROS_DEPLOYMENT_TARGET = 26.2;
			};
			name = Debug;
		};
		A135FA8C2FC940EF00662898 /* Release */ = {
			isa = XCBuildConfiguration;
			buildSettings = {
				BUNDLE_LOADER = "$(TEST_HOST)";
				CODE_SIGN_STYLE = Automatic;
				CURRENT_PROJECT_VERSION = 1;
				GENERATE_INFOPLIST_FILE = YES;
				IPHONEOS_DEPLOYMENT_TARGET = 26.2;
				MACOSX_DEPLOYMENT_TARGET = 26.2;
				MARKETING_VERSION = 1.0;
				PRODUCT_BUNDLE_IDENTIFIER = "com.sophiesun.NurseyConnect-A2Tests";
				PRODUCT_NAME = "$(TARGET_NAME)";
				SDKROOT = auto;
				STRING_CATALOG_GENERATE_SYMBOLS = NO;
				SUPPORTED_PLATFORMS = "iphoneos iphonesimulator macosx xros xrsimulator";
				SWIFT_APPROACHABLE_CONCURRENCY = YES;
				SWIFT_EMIT_LOC_STRINGS = NO;
				SWIFT_UPCOMING_FEATURE_MEMBER_IMPORT_VISIBILITY = YES;
				SWIFT_VERSION = 5.0;
				TARGETED_DEVICE_FAMILY = "1,2,7";
				TEST_HOST = "$(BUILT_PRODUCTS_DIR)/NurseyConnect-A2.app/$(BUNDLE_EXECUTABLE_FOLDER_PATH)/NurseyConnect-A2";
				XROS_DEPLOYMENT_TARGET = 26.2;
			};
			name = Release;
		};
		A135FA8E2FC940EF00662898 /* Debug */ = {
			isa = XCBuildConfiguration;
			buildSettings = {
				CODE_SIGN_STYLE = Automatic;
				CURRENT_PROJECT_VERSION = 1;
				GENERATE_INFOPLIST_FILE = YES;
				IPHONEOS_DEPLOYMENT_TARGET = 26.2;
				MACOSX_DEPLOYMENT_TARGET = 26.2;
				MARKETING_VERSION = 1.0;
				PRODUCT_BUNDLE_IDENTIFIER = "com.sophiesun.NurseyConnect-A2UITests";
				PRODUCT_NAME = "$(TARGET_NAME)";
				SDKROOT = auto;
				STRING_CATALOG_GENERATE_SYMBOLS = NO;
				SUPPORTED_PLATFORMS = "iphoneos iphonesimulator macosx xros xrsimulator";
				SWIFT_APPROACHABLE_CONCURRENCY = YES;
				SWIFT_EMIT_LOC_STRINGS = NO;
				SWIFT_UPCOMING_FEATURE_MEMBER_IMPORT_VISIBILITY = YES;
				SWIFT_VERSION = 5.0;
				TARGETED_DEVICE_FAMILY = "1,2,7";
				TEST_TARGET_NAME = "NurseyConnect-A2";
				XROS_DEPLOYMENT_TARGET = 26.2;
			};
			name = Debug;
		};
		A135FA8F2FC940EF00662898 /* Release */ = {
			isa = XCBuildConfiguration;
			buildSettings = {
				CODE_SIGN_STYLE = Automatic;
				CURRENT_PROJECT_VERSION = 1;
				GENERATE_INFOPLIST_FILE = YES;
				IPHONEOS_DEPLOYMENT_TARGET = 26.2;
				MACOSX_DEPLOYMENT_TARGET = 26.2;
				MARKETING_VERSION = 1.0;
				PRODUCT_BUNDLE_IDENTIFIER = "com.sophiesun.NurseyConnect-A2UITests";
				PRODUCT_NAME = "$(TARGET_NAME)";
				SDKROOT = auto;
				STRING_CATALOG_GENERATE_SYMBOLS = NO;
				SUPPORTED_PLATFORMS = "iphoneos iphonesimulator macosx xros xrsimulator";
				SWIFT_APPROACHABLE_CONCURRENCY = YES;
				SWIFT_EMIT_LOC_STRINGS = NO;
				SWIFT_UPCOMING_FEATURE_MEMBER_IMPORT_VISIBILITY = YES;
				SWIFT_VERSION = 5.0;
				TARGETED_DEVICE_FAMILY = "1,2,7";
				TEST_TARGET_NAME = "NurseyConnect-A2";
				XROS_DEPLOYMENT_TARGET = 26.2;
			};
			name = Release;
		};
		A135FE402FCA8A7C00662898 /* Debug */ = {
			isa = XCBuildConfiguration;
			buildSettings = {
				ASSETCATALOG_COMPILER_APPICON_NAME = AppIcon;
				ASSETCATALOG_COMPILER_GLOBAL_ACCENT_COLOR_NAME = AccentColor;
				CODE_SIGN_STYLE = Automatic;
				CURRENT_PROJECT_VERSION = 1;
				ENABLE_PREVIEWS = YES;
				GENERATE_INFOPLIST_FILE = YES;
				INFOPLIST_FILE = "$(TARGET_NAME)/Info.plist";
				LD_RUNPATH_SEARCH_PATHS = (
					"$(inherited)",
					"@executable_path/Frameworks",
				);
				MARKETING_VERSION = 1.0;
				PRODUCT_BUNDLE_IDENTIFIER = "com.sophiesun.NurseyConnect-visionOS";
				PRODUCT_NAME = "$(TARGET_NAME)";
				SDKROOT = xros;
				STRING_CATALOG_GENERATE_SYMBOLS = YES;
				SUPPORTED_PLATFORMS = "xros xrsimulator";
				SWIFT_APPROACHABLE_CONCURRENCY = YES;
				SWIFT_DEFAULT_ACTOR_ISOLATION = MainActor;
				SWIFT_EMIT_LOC_STRINGS = YES;
				SWIFT_UPCOMING_FEATURE_MEMBER_IMPORT_VISIBILITY = YES;
				SWIFT_VERSION = 5.0;
				TARGETED_DEVICE_FAMILY = 7;
				XROS_DEPLOYMENT_TARGET = 26.2;
			};
			name = Debug;
		};
		A135FE412FCA8A7C00662898 /* Release */ = {
			isa = XCBuildConfiguration;
			buildSettings = {
				ASSETCATALOG_COMPILER_APPICON_NAME = AppIcon;
				ASSETCATALOG_COMPILER_GLOBAL_ACCENT_COLOR_NAME = AccentColor;
				CODE_SIGN_STYLE = Automatic;
				CURRENT_PROJECT_VERSION = 1;
				ENABLE_PREVIEWS = YES;
				GENERATE_INFOPLIST_FILE = YES;
				INFOPLIST_FILE = "$(TARGET_NAME)/Info.plist";
				LD_RUNPATH_SEARCH_PATHS = (
					"$(inherited)",
					"@executable_path/Frameworks",
				);
				MARKETING_VERSION = 1.0;
				PRODUCT_BUNDLE_IDENTIFIER = "com.sophiesun.NurseyConnect-visionOS";
				PRODUCT_NAME = "$(TARGET_NAME)";
				SDKROOT = xros;
				STRING_CATALOG_GENERATE_SYMBOLS = YES;
				SUPPORTED_PLATFORMS = "xros xrsimulator";
				SWIFT_APPROACHABLE_CONCURRENCY = YES;
				SWIFT_DEFAULT_ACTOR_ISOLATION = MainActor;
				SWIFT_EMIT_LOC_STRINGS = YES;
				SWIFT_UPCOMING_FEATURE_MEMBER_IMPORT_VISIBILITY = YES;
				SWIFT_VERSION = 5.0;
				TARGETED_DEVICE_FAMILY = 7;
				VALIDATE_PRODUCT = YES;
				XROS_DEPLOYMENT_TARGET = 26.2;
			};
			name = Release;
		};
		A135FE422FCA8A7C00662898 /* Debug */ = {
			isa = XCBuildConfiguration;
			buildSettings = {
				BUNDLE_LOADER = "$(TEST_HOST)";
				CODE_SIGN_STYLE = Automatic;
				CURRENT_PROJECT_VERSION = 1;
				GENERATE_INFOPLIST_FILE = YES;
				MARKETING_VERSION = 1.0;
				PRODUCT_BUNDLE_IDENTIFIER = "com.sophiesun.NurseyConnect-visionOSTests";
				PRODUCT_NAME = "$(TARGET_NAME)";
				SDKROOT = xros;
				STRING_CATALOG_GENERATE_SYMBOLS = NO;
				SUPPORTED_PLATFORMS = "xros xrsimulator";
				SWIFT_APPROACHABLE_CONCURRENCY = YES;
				SWIFT_EMIT_LOC_STRINGS = NO;
				SWIFT_UPCOMING_FEATURE_MEMBER_IMPORT_VISIBILITY = YES;
				SWIFT_VERSION = 5.0;
				TARGETED_DEVICE_FAMILY = 7;
				TEST_HOST = "$(BUILT_PRODUCTS_DIR)/NurseyConnect-visionOS.app/$(BUNDLE_EXECUTABLE_FOLDER_PATH)/NurseyConnect-visionOS";
				XROS_DEPLOYMENT_TARGET = 26.2;
			};
			name = Debug;
		};
		A135FE432FCA8A7C00662898 /* Release */ = {
			isa = XCBuildConfiguration;
			buildSettings = {
				BUNDLE_LOADER = "$(TEST_HOST)";
				CODE_SIGN_STYLE = Automatic;
				CURRENT_PROJECT_VERSION = 1;
				GENERATE_INFOPLIST_FILE = YES;
				MARKETING_VERSION = 1.0;
				PRODUCT_BUNDLE_IDENTIFIER = "com.sophiesun.NurseyConnect-visionOSTests";
				PRODUCT_NAME = "$(TARGET_NAME)";
				SDKROOT = xros;
				STRING_CATALOG_GENERATE_SYMBOLS = NO;
				SUPPORTED_PLATFORMS = "xros xrsimulator";
				SWIFT_APPROACHABLE_CONCURRENCY = YES;
				SWIFT_EMIT_LOC_STRINGS = NO;
				SWIFT_UPCOMING_FEATURE_MEMBER_IMPORT_VISIBILITY = YES;
				SWIFT_VERSION = 5.0;
				TARGETED_DEVICE_FAMILY = 7;
				TEST_HOST = "$(BUILT_PRODUCTS_DIR)/NurseyConnect-visionOS.app/$(BUNDLE_EXECUTABLE_FOLDER_PATH)/NurseyConnect-visionOS";
				VALIDATE_PRODUCT = YES;
				XROS_DEPLOYMENT_TARGET = 26.2;
			};
			name = Release;
		};
/* End XCBuildConfiguration section */

/* Begin XCConfigurationList section */
		A135FA5F2FC940ED00662898 /* Build configuration list for PBXProject "NurseyConnect-A2" */ = {
			isa = XCConfigurationList;
			buildConfigurations = (
				A135FA852FC940EF00662898 /* Debug */,
				A135FA862FC940EF00662898 /* Release */,
			);
			defaultConfigurationIsVisible = 0;
			defaultConfigurationName = Release;
		};
		A135FA872FC940EF00662898 /* Build configuration list for PBXNativeTarget "NurseyConnect-A2" */ = {
			isa = XCConfigurationList;
			buildConfigurations = (
				A135FA882FC940EF00662898 /* Debug */,
				A135FA892FC940EF00662898 /* Release */,
			);
			defaultConfigurationIsVisible = 0;
			defaultConfigurationName = Release;
		};
		A135FA8A2FC940EF00662898 /* Build configuration list for PBXNativeTarget "NurseyConnect-A2Tests" */ = {
			isa = XCConfigurationList;
			buildConfigurations = (
				A135FA8B2FC940EF00662898 /* Debug */,
				A135FA8C2FC940EF00662898 /* Release */,
			);
			defaultConfigurationIsVisible = 0;
			defaultConfigurationName = Release;
		};
		A135FA8D2FC940EF00662898 /* Build configuration list for PBXNativeTarget "NurseyConnect-A2UITests" */ = {
			isa = XCConfigurationList;
			buildConfigurations = (
				A135FA8E2FC940EF00662898 /* Debug */,
				A135FA8F2FC940EF00662898 /* Release */,
			);
			defaultConfigurationIsVisible = 0;
			defaultConfigurationName = Release;
		};
		A135FE452FCA8A7C00662898 /* Build configuration list for PBXNativeTarget "NurseyConnect-visionOS" */ = {
			isa = XCConfigurationList;
			buildConfigurations = (
				A135FE402FCA8A7C00662898 /* Debug */,
				A135FE412FCA8A7C00662898 /* Release */,
			);
			defaultConfigurationIsVisible = 0;
			defaultConfigurationName = Release;
		};
		A135FE462FCA8A7C00662898 /* Build configuration list for PBXNativeTarget "NurseyConnect-visionOSTests" */ = {
			isa = XCConfigurationList;
			buildConfigurations = (
				A135FE422FCA8A7C00662898 /* Debug */,
				A135FE432FCA8A7C00662898 /* Release */,
			);
			defaultConfigurationIsVisible = 0;
			defaultConfigurationName = Release;
		};
/* End XCConfigurationList section */

/* Begin XCSwiftPackageProductDependency section */
		A135FE2B2FCA8A7A00662898 /* RealityKitContent */ = {
			isa = XCSwiftPackageProductDependency;
			productName = RealityKitContent;
		};
/* End XCSwiftPackageProductDependency section */
	};
	rootObject = A135FA5C2FC940ED00662898 /* Project object */;
}
